
Microsoft Visual Studio Solution File, Format Version 12.00
# Visual Studio 15
VisualStudioVersion = 15.0.28307.329
MinimumVisualStudioVersion = 10.0.40219.1
Project("{FAE04EC0-301F-11D3-BF4B-00C04F79EFBC}") = "Epam.Task11-12.UsersAndAwards.ConsolePL", "Epam.Task11-12.UsersAndAwards.ConsolePL\Epam.Task11-12.UsersAndAwards.ConsolePL.csproj", "{78A58F94-A1B3-4135-9D8F-4516ED3936ED}"
EndProject
Project("{2150E333-8FDC-42A3-9474-1A3956D46DE8}") = "PL", "PL", "{1464C3F1-22A6-47A6-9377-A7A634A59C5A}"
EndProject
Project("{2150E333-8FDC-42A3-9474-1A3956D46DE8}") = "BLL", "BLL", "{439403F6-922B-43E9-9A81-2DC92B4F3100}"
EndProject
Project("{2150E333-8FDC-42A3-9474-1A3956D46DE8}") = "DAL", "DAL", "{F1BD0EC8-224D-4DBA-85E4-2ED27D4804A2}"
EndProject
Project("{2150E333-8FDC-42A3-9474-1A3956D46DE8}") = "Common", "Common", "{8026B735-BF8C-4367-99A9-AD607B3F005E}"
EndProject
Project("{FAE04EC0-301F-11D3-BF4B-00C04F79EFBC}") = "Epam.Task11-12.UsersAndAwards.Entities", "Epam.Task11-12.UsersAndAwards.Entities\Epam.Task11-12.UsersAndAwards.Entities.csproj", "{8122B033-CE19-402D-9821-90A9165739E8}"
EndProject
Project("{FAE04EC0-301F-11D3-BF4B-00C04F79EFBC}") = "Epam.Task11-12.UsersAndAwards.BLL.Interfaces", "Epam.Task11-12.UsersAndAwards.BLL.Interfaces\Epam.Task11-12.UsersAndAwards.BLL.Interfaces.csproj", "{A4B2F94D-FEB1-4421-97F1-A4B4C6A53E2A}"
EndProject
Project("{FAE04EC0-301F-11D3-BF4B-00C04F79EFBC}") = "Epam.Task11-12.UsersAndAwards.BLL", "Epam.Task11-12.UsersAndAwards.BLL\Epam.Task11-12.UsersAndAwards.BLL.csproj", "{56B366A4-DC09-4777-8398-356AB734100D}"
EndProject
Project("{FAE04EC0-301F-11D3-BF4B-00C04F79EFBC}") = "Epam.Task11-12.UsersAndAwards.Common", "Epam.Task11-12.UsersAndAwards.Common\Epam.Task11-12.UsersAndAwards.Common.csproj", "{164F5505-6845-45C9-A1BC-1D7EC8A70C59}"
EndProject
Project("{FAE04EC0-301F-11D3-BF4B-00C04F79EFBC}") = "Epam.Task11-12.UsersAndAwards.DAL.Interfaces", "Epam.Task11-12.UsersAndAwards.DAL.Interfaces\Epam.Task11-12.UsersAndAwards.DAL.Interfaces.csproj", "{9BC8445D-C363-405D-8B02-1BC90BFC3B65}"
EndProject
Project("{FAE04EC0-301F-11D3-BF4B-00C04F79EFBC}") = "Epam.Task11-12.UsersAndAwards.SqlDAL", "Epam.Task11-12.UsersAndAwards.SqlDAL\Epam.Task11-12.UsersAndAwards.SqlDAL.csproj", "{F8B5D83E-CFF5-4AAD-91D5-FF44ED37E879}"
EndProject
Project("{FAE04EC0-301F-11D3-BF4B-00C04F79EFBC}") = "Epam.Task11-12.UsersAndAwards.WebPL", "Epam.Task11-12.UsersAndAwards.WebPL\Epam.Task11-12.UsersAndAwards.WebPL.csproj", "{507C318D-24D9-4F9E-8D8A-F6B4F0579C1D}"
EndProject
Global
	GlobalSection(SolutionConfigurationPlatforms) = preSolution
		Debug|Any CPU = Debug|Any CPU
		Release|Any CPU = Release|Any CPU
	EndGlobalSection
	GlobalSection(ProjectConfigurationPlatforms) = postSolution
		{78A58F94-A1B3-4135-9D8F-4516ED3936ED}.Debug|Any CPU.ActiveCfg = Debug|Any CPU
		{78A58F94-A1B3-4135-9D8F-4516ED3936ED}.Debug|Any CPU.Build.0 = Debug|Any CPU
		{78A58F94-A1B3-4135-9D8F-4516ED3936ED}.Release|Any CPU.ActiveCfg = Release|Any CPU
		{78A58F94-A1B3-4135-9D8F-4516ED3936ED}.Release|Any CPU.Build.0 = Release|Any CPU
		{8122B033-CE19-402D-9821-90A9165739E8}.Debug|Any CPU.ActiveCfg = Debug|Any CPU
		{8122B033-CE19-402D-9821-90A9165739E8}.Debug|Any CPU.Build.0 = Debug|Any CPU
		{8122B033-CE19-402D-9821-90A9165739E8}.Release|Any CPU.ActiveCfg = Release|Any CPU
		{8122B033-CE19-402D-9821-90A9165739E8}.Release|Any CPU.Build.0 = Release|Any CPU
		{A4B2F94D-FEB1-4421-97F1-A4B4C6A53E2A}.Debug|Any CPU.ActiveCfg = Debug|Any CPU
		{A4B2F94D-FEB1-4421-97F1-A4B4C6A53E2A}.Debug|Any CPU.Build.0 = Debug|Any CPU
		{A4B2F94D-FEB1-4421-97F1-A4B4C6A53E2A}.Release|Any CPU.ActiveCfg = Release|Any CPU
		{A4B2F94D-FEB1-4421-97F1-A4B4C6A53E2A}.Release|Any CPU.Build.0 = Release|Any CPU
		{56B366A4-DC09-4777-8398-356AB734100D}.Debug|Any CPU.ActiveCfg = Debug|Any CPU
		{56B366A4-DC09-4777-8398-356AB734100D}.Debug|Any CPU.Build.0 = Debug|Any CPU
		{56B366A4-DC09-4777-8398-356AB734100D}.Release|Any CPU.ActiveCfg = Release|Any CPU
		{56B366A4-DC09-4777-8398-356AB734100D}.Release|Any CPU.Build.0 = Release|Any CPU
		{164F5505-6845-45C9-A1BC-1D7EC8A70C59}.Debug|Any CPU.ActiveCfg = Debug|Any CPU
		{164F5505-6845-45C9-A1BC-1D7EC8A70C59}.Debug|Any CPU.Build.0 = Debug|Any CPU
		{164F5505-6845-45C9-A1BC-1D7EC8A70C59}.Release|Any CPU.ActiveCfg = Release|Any CPU
		{164F5505-6845-45C9-A1BC-1D7EC8A70C59}.Release|Any CPU.Build.0 = Release|Any CPU
		{9BC8445D-C363-405D-8B02-1BC90BFC3B65}.Debug|Any CPU.ActiveCfg = Debug|Any CPU
		{9BC8445D-C363-405D-8B02-1BC90BFC3B65}.Debug|Any CPU.Build.0 = Debug|Any CPU
		{9BC8445D-C363-405D-8B02-1BC90BFC3B65}.Release|Any CPU.ActiveCfg = Release|Any CPU
		{9BC8445D-C363-405D-8B02-1BC90BFC3B65}.Release|Any CPU.Build.0 = Release|Any CPU
		{F8B5D83E-CFF5-4AAD-91D5-FF44ED37E879}.Debug|Any CPU.ActiveCfg = Debug|Any CPU
		{F8B5D83E-CFF5-4AAD-91D5-FF44ED37E879}.Debug|Any CPU.Build.0 = Debug|Any CPU
		{F8B5D83E-CFF5-4AAD-91D5-FF44ED37E879}.Release|Any CPU.ActiveCfg = Release|Any CPU
		{F8B5D83E-CFF5-4AAD-91D5-FF44ED37E879}.Release|Any CPU.Build.0 = Release|Any CPU
		{507C318D-24D9-4F9E-8D8A-F6B4F0579C1D}.Debug|Any CPU.ActiveCfg = Debug|Any CPU
		{507C318D-24D9-4F9E-8D8A-F6B4F0579C1D}.Debug|Any CPU.Build.0 = Debug|Any CPU
		{507C318D-24D9-4F9E-8D8A-F6B4F0579C1D}.Release|Any CPU.ActiveCfg = Release|Any CPU
		{507C318D-24D9-4F9E-8D8A-F6B4F0579C1D}.Release|Any CPU.Build.0 = Release|Any CPU
	EndGlobalSection
	GlobalSection(SolutionProperties) = preSolution
		HideSolutionNode = FALSE
	EndGlobalSection
	GlobalSection(NestedProjects) = preSolution
		{78A58F94-A1B3-4135-9D8F-4516ED3936ED} = {1464C3F1-22A6-47A6-9377-A7A634A59C5A}
		{8122B033-CE19-402D-9821-90A9165739E8} = {8026B735-BF8C-4367-99A9-AD607B3F005E}
		{A4B2F94D-FEB1-4421-97F1-A4B4C6A53E2A} = {439403F6-922B-43E9-9A81-2DC92B4F3100}
		{56B366A4-DC09-4777-8398-356AB734100D} = {439403F6-922B-43E9-9A81-2DC92B4F3100}
		{164F5505-6845-45C9-A1BC-1D7EC8A70C59} = {8026B735-BF8C-4367-99A9-AD607B3F005E}
		{9BC8445D-C363-405D-8B02-1BC90BFC3B65} = {F1BD0EC8-224D-4DBA-85E4-2ED27D4804A2}
		{F8B5D83E-CFF5-4AAD-91D5-FF44ED37E879} = {F1BD0EC8-224D-4DBA-85E4-2ED27D4804A2}
		{507C318D-24D9-4F9E-8D8A-F6B4F0579C1D} = {1464C3F1-22A6-47A6-9377-A7A634A59C5A}
	EndGlobalSection
	GlobalSection(ExtensibilityGlobals) = postSolution
		SolutionGuid = {152327D3-E50F-4401-93D3-2830896FC28D}
	EndGlobalSection
EndGlobal
