
Microsoft Visual Studio Solution File, Format Version 12.00
# Visual Studio 15
VisualStudioVersion = 15.0.28307.106
MinimumVisualStudioVersion = 10.0.40219.1
Project("{FAE04EC0-301F-11D3-BF4B-00C04F79EFBC}") = "Epam.Task3.Round", "Epam.Task3.Round\Epam.Task3.Round.csproj", "{AD6DF4B8-5512-4F7E-81F6-4C26367D634A}"
EndProject
Project("{FAE04EC0-301F-11D3-BF4B-00C04F79EFBC}") = "Epam.Task3.Triangle", "Epam.Task3.Triangle\Epam.Task3.Triangle.csproj", "{826410C6-F5C2-4D65-920E-78FF30BC4E47}"
EndProject
Project("{FAE04EC0-301F-11D3-BF4B-00C04F79EFBC}") = "Epam.Task3.MyString", "Epam.Task3.MyString\Epam.Task3.MyString.csproj", "{14F91450-8AC4-45E5-9B49-86C42CA3C3EF}"
EndProject
Project("{FAE04EC0-301F-11D3-BF4B-00C04F79EFBC}") = "Epam.Task3.UserProgram", "Epam.Task3.UserProgram\Epam.Task3.UserProgram.csproj", "{265C0005-4A58-43A9-9333-A9FB0BF926FB}"
EndProject
Project("{FAE04EC0-301F-11D3-BF4B-00C04F79EFBC}") = "Epam.Task3.Employee", "Epam.Task3.Employee\Epam.Task3.Employee.csproj", "{9A982DC6-411C-42B5-986E-3EA4D8991500}"
EndProject
Project("{FAE04EC0-301F-11D3-BF4B-00C04F79EFBC}") = "Epam.Task3.Ring", "Epam.Task3.Ring\Epam.Task3.Ring.csproj", "{026021C5-CF54-4F1B-B49C-C7EF5C879118}"
EndProject
Project("{FAE04EC0-301F-11D3-BF4B-00C04F79EFBC}") = "Epam.Task3.VectorGraphicsEditor", "Epam.Task3.VectorGraphicsEditor\Epam.Task3.VectorGraphicsEditor.csproj", "{AC1799A4-D0E6-403B-B917-AFF1C4019384}"
EndProject
Project("{FAE04EC0-301F-11D3-BF4B-00C04F79EFBC}") = "Epam.Task3.Game", "Epam.Task3.Game\Epam.Task3.Game.csproj", "{C5608C37-2393-4230-B710-5FD001461C36}"
EndProject
Global
	GlobalSection(SolutionConfigurationPlatforms) = preSolution
		Debug|Any CPU = Debug|Any CPU
		Release|Any CPU = Release|Any CPU
	EndGlobalSection
	GlobalSection(ProjectConfigurationPlatforms) = postSolution
		{AD6DF4B8-5512-4F7E-81F6-4C26367D634A}.Debug|Any CPU.ActiveCfg = Debug|Any CPU
		{AD6DF4B8-5512-4F7E-81F6-4C26367D634A}.Debug|Any CPU.Build.0 = Debug|Any CPU
		{AD6DF4B8-5512-4F7E-81F6-4C26367D634A}.Release|Any CPU.ActiveCfg = Release|Any CPU
		{AD6DF4B8-5512-4F7E-81F6-4C26367D634A}.Release|Any CPU.Build.0 = Release|Any CPU
		{826410C6-F5C2-4D65-920E-78FF30BC4E47}.Debug|Any CPU.ActiveCfg = Debug|Any CPU
		{826410C6-F5C2-4D65-920E-78FF30BC4E47}.Debug|Any CPU.Build.0 = Debug|Any CPU
		{826410C6-F5C2-4D65-920E-78FF30BC4E47}.Release|Any CPU.ActiveCfg = Release|Any CPU
		{826410C6-F5C2-4D65-920E-78FF30BC4E47}.Release|Any CPU.Build.0 = Release|Any CPU
		{14F91450-8AC4-45E5-9B49-86C42CA3C3EF}.Debug|Any CPU.ActiveCfg = Debug|Any CPU
		{14F91450-8AC4-45E5-9B49-86C42CA3C3EF}.Debug|Any CPU.Build.0 = Debug|Any CPU
		{14F91450-8AC4-45E5-9B49-86C42CA3C3EF}.Release|Any CPU.ActiveCfg = Release|Any CPU
		{14F91450-8AC4-45E5-9B49-86C42CA3C3EF}.Release|Any CPU.Build.0 = Release|Any CPU
		{265C0005-4A58-43A9-9333-A9FB0BF926FB}.Debug|Any CPU.ActiveCfg = Debug|Any CPU
		{265C0005-4A58-43A9-9333-A9FB0BF926FB}.Debug|Any CPU.Build.0 = Debug|Any CPU
		{265C0005-4A58-43A9-9333-A9FB0BF926FB}.Release|Any CPU.ActiveCfg = Release|Any CPU
		{265C0005-4A58-43A9-9333-A9FB0BF926FB}.Release|Any CPU.Build.0 = Release|Any CPU
		{9A982DC6-411C-42B5-986E-3EA4D8991500}.Debug|Any CPU.ActiveCfg = Debug|Any CPU
		{9A982DC6-411C-42B5-986E-3EA4D8991500}.Debug|Any CPU.Build.0 = Debug|Any CPU
		{9A982DC6-411C-42B5-986E-3EA4D8991500}.Release|Any CPU.ActiveCfg = Release|Any CPU
		{9A982DC6-411C-42B5-986E-3EA4D8991500}.Release|Any CPU.Build.0 = Release|Any CPU
		{026021C5-CF54-4F1B-B49C-C7EF5C879118}.Debug|Any CPU.ActiveCfg = Debug|Any CPU
		{026021C5-CF54-4F1B-B49C-C7EF5C879118}.Debug|Any CPU.Build.0 = Debug|Any CPU
		{026021C5-CF54-4F1B-B49C-C7EF5C879118}.Release|Any CPU.ActiveCfg = Release|Any CPU
		{026021C5-CF54-4F1B-B49C-C7EF5C879118}.Release|Any CPU.Build.0 = Release|Any CPU
		{AC1799A4-D0E6-403B-B917-AFF1C4019384}.Debug|Any CPU.ActiveCfg = Debug|Any CPU
		{AC1799A4-D0E6-403B-B917-AFF1C4019384}.Debug|Any CPU.Build.0 = Debug|Any CPU
		{AC1799A4-D0E6-403B-B917-AFF1C4019384}.Release|Any CPU.ActiveCfg = Release|Any CPU
		{AC1799A4-D0E6-403B-B917-AFF1C4019384}.Release|Any CPU.Build.0 = Release|Any CPU
		{C5608C37-2393-4230-B710-5FD001461C36}.Debug|Any CPU.ActiveCfg = Debug|Any CPU
		{C5608C37-2393-4230-B710-5FD001461C36}.Debug|Any CPU.Build.0 = Debug|Any CPU
		{C5608C37-2393-4230-B710-5FD001461C36}.Release|Any CPU.ActiveCfg = Release|Any CPU
		{C5608C37-2393-4230-B710-5FD001461C36}.Release|Any CPU.Build.0 = Release|Any CPU
	EndGlobalSection
	GlobalSection(SolutionProperties) = preSolution
		HideSolutionNode = FALSE
	EndGlobalSection
	GlobalSection(ExtensibilityGlobals) = postSolution
		SolutionGuid = {0C5F31E8-4AEF-4FCF-A50C-7EDC5540B3A1}
	EndGlobalSection
EndGlobal
