
Microsoft Visual Studio Solution File, Format Version 12.00
# Visual Studio 15
VisualStudioVersion = 15.0.28307.168
MinimumVisualStudioVersion = 10.0.40219.1
Project("{FAE04EC0-301F-11D3-BF4B-00C04F79EFBC}") = "Epam.Task6.BackupSystem", "Epam.Task6.BackupSystem\Epam.Task6.BackupSystem.csproj", "{C2E6ADCE-8093-476A-A806-FDB0EE2BF010}"
EndProject
Global
	GlobalSection(SolutionConfigurationPlatforms) = preSolution
		Debug|Any CPU = Debug|Any CPU
		Release|Any CPU = Release|Any CPU
	EndGlobalSection
	GlobalSection(ProjectConfigurationPlatforms) = postSolution
		{C2E6ADCE-8093-476A-A806-FDB0EE2BF010}.Debug|Any CPU.ActiveCfg = Debug|Any CPU
		{C2E6ADCE-8093-476A-A806-FDB0EE2BF010}.Debug|Any CPU.Build.0 = Debug|Any CPU
		{C2E6ADCE-8093-476A-A806-FDB0EE2BF010}.Release|Any CPU.ActiveCfg = Release|Any CPU
		{C2E6ADCE-8093-476A-A806-FDB0EE2BF010}.Release|Any CPU.Build.0 = Release|Any CPU
	EndGlobalSection
	GlobalSection(SolutionProperties) = preSolution
		HideSolutionNode = FALSE
	EndGlobalSection
	GlobalSection(ExtensibilityGlobals) = postSolution
		SolutionGuid = {6E3BDC77-0E66-43A7-AF75-0764A3DD16C0}
	EndGlobalSection
EndGlobal
