
Microsoft Visual Studio Solution File, Format Version 12.00
# Visual Studio 15
Project("{FAE04EC0-301F-11D3-BF4B-00C04F79EFBC}") = "Epam.Task2.Triangle", "Epam.Task2.Triangle\Epam.Task2.Triangle.csproj", "{3FDE353D-1AC6-4154-B4BE-53DCBBEEF3C1}"
EndProject
Project("{FAE04EC0-301F-11D3-BF4B-00C04F79EFBC}") = "Epam.Task2.AnotherTriangle", "Epam.Task2.AnotherTriangle\Epam.Task2.AnotherTriangle.csproj", "{537A3D63-07BF-4118-AEB1-9C6D5BA76EB3}"
EndProject
Project("{FAE04EC0-301F-11D3-BF4B-00C04F79EFBC}") = "Epam.Task2.XMasTree", "Epam.Task2.X-MasTree\Epam.Task2.XMasTree.csproj", "{0B1C3C45-0475-4A83-8EFB-A7EFE3D499EF}"
EndProject
Project("{FAE04EC0-301F-11D3-BF4B-00C04F79EFBC}") = "Epam.Task2.FontAdjustment", "Epam.Task2.FontAdjustment\Epam.Task2.FontAdjustment.csproj", "{7C0DF71E-1483-4721-A4F2-F14BCAEEA447}"
EndProject
Project("{FAE04EC0-301F-11D3-BF4B-00C04F79EFBC}") = "Epam.Task2.Rectangle", "Epam.Task2.Rectangle\Epam.Task2.Rectangle.csproj", "{CC16EE43-1AEF-416A-AD91-C529BCDC3A2D}"
EndProject
Project("{FAE04EC0-301F-11D3-BF4B-00C04F79EFBC}") = "Epam.Task2.SumOfNumbers", "Epam.Task2.SumOfNumbers\Epam.Task2.SumOfNumbers.csproj", "{753DCA6F-1F99-40E6-BA56-B3B071CD2331}"
EndProject
Project("{FAE04EC0-301F-11D3-BF4B-00C04F79EFBC}") = "Epam.Task2.ArrayProcessing", "Epam.Task2.ArrayProcessing\Epam.Task2.ArrayProcessing.csproj", "{9C8AC1C5-ED5B-438A-A264-FD3DB6DCEEAD}"
EndProject
Project("{FAE04EC0-301F-11D3-BF4B-00C04F79EFBC}") = "Epam.Task2.NoPositive", "Epam.Task2.NoPositive\Epam.Task2.NoPositive.csproj", "{18391D5D-20CA-40EA-9B75-E880BD6CE933}"
EndProject
Project("{FAE04EC0-301F-11D3-BF4B-00C04F79EFBC}") = "Epam.Task2.NonNegativeSum", "Epam.Task2.NonNegativeSum\Epam.Task2.NonNegativeSum.csproj", "{487A9E8D-88D7-4BC0-8A49-03542FEC05CD}"
EndProject
Project("{FAE04EC0-301F-11D3-BF4B-00C04F79EFBC}") = "Epam.Task2.2DArray", "Epam.Task2.2DArray\Epam.Task2.2DArray.csproj", "{D1356E33-6726-45D8-97D2-9F9FDB05E541}"
EndProject
Global
	GlobalSection(SolutionConfigurationPlatforms) = preSolution
		Debug|Any CPU = Debug|Any CPU
		Release|Any CPU = Release|Any CPU
	EndGlobalSection
	GlobalSection(ProjectConfigurationPlatforms) = postSolution
		{3FDE353D-1AC6-4154-B4BE-53DCBBEEF3C1}.Debug|Any CPU.ActiveCfg = Debug|Any CPU
		{3FDE353D-1AC6-4154-B4BE-53DCBBEEF3C1}.Debug|Any CPU.Build.0 = Debug|Any CPU
		{3FDE353D-1AC6-4154-B4BE-53DCBBEEF3C1}.Release|Any CPU.ActiveCfg = Release|Any CPU
		{3FDE353D-1AC6-4154-B4BE-53DCBBEEF3C1}.Release|Any CPU.Build.0 = Release|Any CPU
		{537A3D63-07BF-4118-AEB1-9C6D5BA76EB3}.Debug|Any CPU.ActiveCfg = Debug|Any CPU
		{537A3D63-07BF-4118-AEB1-9C6D5BA76EB3}.Debug|Any CPU.Build.0 = Debug|Any CPU
		{537A3D63-07BF-4118-AEB1-9C6D5BA76EB3}.Release|Any CPU.ActiveCfg = Release|Any CPU
		{537A3D63-07BF-4118-AEB1-9C6D5BA76EB3}.Release|Any CPU.Build.0 = Release|Any CPU
		{0B1C3C45-0475-4A83-8EFB-A7EFE3D499EF}.Debug|Any CPU.ActiveCfg = Debug|Any CPU
		{0B1C3C45-0475-4A83-8EFB-A7EFE3D499EF}.Debug|Any CPU.Build.0 = Debug|Any CPU
		{0B1C3C45-0475-4A83-8EFB-A7EFE3D499EF}.Release|Any CPU.ActiveCfg = Release|Any CPU
		{0B1C3C45-0475-4A83-8EFB-A7EFE3D499EF}.Release|Any CPU.Build.0 = Release|Any CPU
		{7C0DF71E-1483-4721-A4F2-F14BCAEEA447}.Debug|Any CPU.ActiveCfg = Debug|Any CPU
		{7C0DF71E-1483-4721-A4F2-F14BCAEEA447}.Debug|Any CPU.Build.0 = Debug|Any CPU
		{7C0DF71E-1483-4721-A4F2-F14BCAEEA447}.Release|Any CPU.ActiveCfg = Release|Any CPU
		{7C0DF71E-1483-4721-A4F2-F14BCAEEA447}.Release|Any CPU.Build.0 = Release|Any CPU
		{CC16EE43-1AEF-416A-AD91-C529BCDC3A2D}.Debug|Any CPU.ActiveCfg = Debug|Any CPU
		{CC16EE43-1AEF-416A-AD91-C529BCDC3A2D}.Debug|Any CPU.Build.0 = Debug|Any CPU
		{CC16EE43-1AEF-416A-AD91-C529BCDC3A2D}.Release|Any CPU.ActiveCfg = Release|Any CPU
		{CC16EE43-1AEF-416A-AD91-C529BCDC3A2D}.Release|Any CPU.Build.0 = Release|Any CPU
		{753DCA6F-1F99-40E6-BA56-B3B071CD2331}.Debug|Any CPU.ActiveCfg = Debug|Any CPU
		{753DCA6F-1F99-40E6-BA56-B3B071CD2331}.Debug|Any CPU.Build.0 = Debug|Any CPU
		{753DCA6F-1F99-40E6-BA56-B3B071CD2331}.Release|Any CPU.ActiveCfg = Release|Any CPU
		{753DCA6F-1F99-40E6-BA56-B3B071CD2331}.Release|Any CPU.Build.0 = Release|Any CPU
		{9C8AC1C5-ED5B-438A-A264-FD3DB6DCEEAD}.Debug|Any CPU.ActiveCfg = Debug|Any CPU
		{9C8AC1C5-ED5B-438A-A264-FD3DB6DCEEAD}.Debug|Any CPU.Build.0 = Debug|Any CPU
		{9C8AC1C5-ED5B-438A-A264-FD3DB6DCEEAD}.Release|Any CPU.ActiveCfg = Release|Any CPU
		{9C8AC1C5-ED5B-438A-A264-FD3DB6DCEEAD}.Release|Any CPU.Build.0 = Release|Any CPU
		{18391D5D-20CA-40EA-9B75-E880BD6CE933}.Debug|Any CPU.ActiveCfg = Debug|Any CPU
		{18391D5D-20CA-40EA-9B75-E880BD6CE933}.Debug|Any CPU.Build.0 = Debug|Any CPU
		{18391D5D-20CA-40EA-9B75-E880BD6CE933}.Release|Any CPU.ActiveCfg = Release|Any CPU
		{18391D5D-20CA-40EA-9B75-E880BD6CE933}.Release|Any CPU.Build.0 = Release|Any CPU
		{487A9E8D-88D7-4BC0-8A49-03542FEC05CD}.Debug|Any CPU.ActiveCfg = Debug|Any CPU
		{487A9E8D-88D7-4BC0-8A49-03542FEC05CD}.Debug|Any CPU.Build.0 = Debug|Any CPU
		{487A9E8D-88D7-4BC0-8A49-03542FEC05CD}.Release|Any CPU.ActiveCfg = Release|Any CPU
		{487A9E8D-88D7-4BC0-8A49-03542FEC05CD}.Release|Any CPU.Build.0 = Release|Any CPU
		{D1356E33-6726-45D8-97D2-9F9FDB05E541}.Debug|Any CPU.ActiveCfg = Debug|Any CPU
		{D1356E33-6726-45D8-97D2-9F9FDB05E541}.Debug|Any CPU.Build.0 = Debug|Any CPU
		{D1356E33-6726-45D8-97D2-9F9FDB05E541}.Release|Any CPU.ActiveCfg = Release|Any CPU
		{D1356E33-6726-45D8-97D2-9F9FDB05E541}.Release|Any CPU.Build.0 = Release|Any CPU
	EndGlobalSection
EndGlobal
