
Microsoft Visual Studio Solution File, Format Version 12.00
# Visual Studio 15
VisualStudioVersion = 15.0.28307.329
MinimumVisualStudioVersion = 10.0.40219.1
Project("{FAE04EC0-301F-11D3-BF4B-00C04F79EFBC}") = "Epam.FinalTask.PhotoAlbum.ConsoleUI", "Epam.FinalTask.PhotoAlbum.ConsoleUI\Epam.FinalTask.PhotoAlbum.ConsoleUI.csproj", "{1F2B6837-8EAD-43B8-9CE9-403C050473E5}"
EndProject
Project("{2150E333-8FDC-42A3-9474-1A3956D46DE8}") = "PL", "PL", "{7ABC2D2C-90C2-4E47-92BE-4CD4DCEFD860}"
EndProject
Project("{2150E333-8FDC-42A3-9474-1A3956D46DE8}") = "BLL", "BLL", "{0049F7F9-D4E8-48BC-A9B6-8ECCD62A3812}"
EndProject
Project("{2150E333-8FDC-42A3-9474-1A3956D46DE8}") = "Common", "Common", "{F90A53BE-F84D-4CC7-B342-A6E03C61275C}"
EndProject
Project("{2150E333-8FDC-42A3-9474-1A3956D46DE8}") = "DAL", "DAL", "{377CA304-C3FC-45A8-BF84-E715D9DA3DF6}"
EndProject
Project("{FAE04EC0-301F-11D3-BF4B-00C04F79EFBC}") = "Epam.FinalTask.PhotoAlbum.WebUI", "Epam.FinalTask.PhotoAlbum.WebUI\Epam.FinalTask.PhotoAlbum.WebUI.csproj", "{81E8DDEF-A63F-45B6-A990-1C06D3560752}"
EndProject
Global
	GlobalSection(SolutionConfigurationPlatforms) = preSolution
		Debug|Any CPU = Debug|Any CPU
		Release|Any CPU = Release|Any CPU
	EndGlobalSection
	GlobalSection(ProjectConfigurationPlatforms) = postSolution
		{1F2B6837-8EAD-43B8-9CE9-403C050473E5}.Debug|Any CPU.ActiveCfg = Debug|Any CPU
		{1F2B6837-8EAD-43B8-9CE9-403C050473E5}.Debug|Any CPU.Build.0 = Debug|Any CPU
		{1F2B6837-8EAD-43B8-9CE9-403C050473E5}.Release|Any CPU.ActiveCfg = Release|Any CPU
		{1F2B6837-8EAD-43B8-9CE9-403C050473E5}.Release|Any CPU.Build.0 = Release|Any CPU
		{81E8DDEF-A63F-45B6-A990-1C06D3560752}.Debug|Any CPU.ActiveCfg = Debug|Any CPU
		{81E8DDEF-A63F-45B6-A990-1C06D3560752}.Debug|Any CPU.Build.0 = Debug|Any CPU
		{81E8DDEF-A63F-45B6-A990-1C06D3560752}.Release|Any CPU.ActiveCfg = Release|Any CPU
		{81E8DDEF-A63F-45B6-A990-1C06D3560752}.Release|Any CPU.Build.0 = Release|Any CPU
	EndGlobalSection
	GlobalSection(SolutionProperties) = preSolution
		HideSolutionNode = FALSE
	EndGlobalSection
	GlobalSection(NestedProjects) = preSolution
		{1F2B6837-8EAD-43B8-9CE9-403C050473E5} = {7ABC2D2C-90C2-4E47-92BE-4CD4DCEFD860}
		{81E8DDEF-A63F-45B6-A990-1C06D3560752} = {7ABC2D2C-90C2-4E47-92BE-4CD4DCEFD860}
	EndGlobalSection
	GlobalSection(ExtensibilityGlobals) = postSolution
		SolutionGuid = {50883AB9-CFE5-49EF-9C18-9E171E773B2D}
	EndGlobalSection
EndGlobal
