
Microsoft Visual Studio Solution File, Format Version 12.00
# Visual Studio 15
VisualStudioVersion = 15.0.28307.168
MinimumVisualStudioVersion = 10.0.40219.1
Project("{FAE04EC0-301F-11D3-BF4B-00C04F79EFBC}") = "Epam.Task5.CustomSort", "Epam.Task5.CustomSort\Epam.Task5.CustomSort.csproj", "{F92068D1-52B8-4B22-87F3-0D5709C7D679}"
EndProject
Project("{FAE04EC0-301F-11D3-BF4B-00C04F79EFBC}") = "Epam.Task5.CustomSortDemo", "Epam.Task5.CustomSortDemo\Epam.Task5.CustomSortDemo.csproj", "{8F860D04-6985-4819-A1B8-941606283376}"
EndProject
Project("{FAE04EC0-301F-11D3-BF4B-00C04F79EFBC}") = "Epam.Task5.SortingUnit", "Epam.Task5.SortingUnit\Epam.Task5.SortingUnit.csproj", "{0AAEDD50-8028-4AA4-AC56-C0D0C5D746B6}"
EndProject
Project("{FAE04EC0-301F-11D3-BF4B-00C04F79EFBC}") = "Epam.Task5.NumberArraySum", "Epam.Task5.NumberArraySum\Epam.Task5.NumberArraySum.csproj", "{7C309C79-9FDF-4F38-9750-8E8AA66478DE}"
EndProject
Project("{FAE04EC0-301F-11D3-BF4B-00C04F79EFBC}") = "Epam.Task5.ToIntOrNotToInt", "Epam.Task5.ToIntOrNotToInt\Epam.Task5.ToIntOrNotToInt.csproj", "{70FF93A1-4F8D-4951-9383-957648775209}"
EndProject
Project("{FAE04EC0-301F-11D3-BF4B-00C04F79EFBC}") = "Epam.Task5.ISeekYou", "Epam.Task5.ISeekYou\Epam.Task5.ISeekYou.csproj", "{CCEEEDDF-7896-4FDD-9DF5-17BC8A2A6729}"
EndProject
Global
	GlobalSection(SolutionConfigurationPlatforms) = preSolution
		Debug|Any CPU = Debug|Any CPU
		Release|Any CPU = Release|Any CPU
	EndGlobalSection
	GlobalSection(ProjectConfigurationPlatforms) = postSolution
		{F92068D1-52B8-4B22-87F3-0D5709C7D679}.Debug|Any CPU.ActiveCfg = Debug|Any CPU
		{F92068D1-52B8-4B22-87F3-0D5709C7D679}.Debug|Any CPU.Build.0 = Debug|Any CPU
		{F92068D1-52B8-4B22-87F3-0D5709C7D679}.Release|Any CPU.ActiveCfg = Release|Any CPU
		{F92068D1-52B8-4B22-87F3-0D5709C7D679}.Release|Any CPU.Build.0 = Release|Any CPU
		{8F860D04-6985-4819-A1B8-941606283376}.Debug|Any CPU.ActiveCfg = Debug|Any CPU
		{8F860D04-6985-4819-A1B8-941606283376}.Debug|Any CPU.Build.0 = Debug|Any CPU
		{8F860D04-6985-4819-A1B8-941606283376}.Release|Any CPU.ActiveCfg = Release|Any CPU
		{8F860D04-6985-4819-A1B8-941606283376}.Release|Any CPU.Build.0 = Release|Any CPU
		{0AAEDD50-8028-4AA4-AC56-C0D0C5D746B6}.Debug|Any CPU.ActiveCfg = Debug|Any CPU
		{0AAEDD50-8028-4AA4-AC56-C0D0C5D746B6}.Debug|Any CPU.Build.0 = Debug|Any CPU
		{0AAEDD50-8028-4AA4-AC56-C0D0C5D746B6}.Release|Any CPU.ActiveCfg = Release|Any CPU
		{0AAEDD50-8028-4AA4-AC56-C0D0C5D746B6}.Release|Any CPU.Build.0 = Release|Any CPU
		{7C309C79-9FDF-4F38-9750-8E8AA66478DE}.Debug|Any CPU.ActiveCfg = Debug|Any CPU
		{7C309C79-9FDF-4F38-9750-8E8AA66478DE}.Debug|Any CPU.Build.0 = Debug|Any CPU
		{7C309C79-9FDF-4F38-9750-8E8AA66478DE}.Release|Any CPU.ActiveCfg = Release|Any CPU
		{7C309C79-9FDF-4F38-9750-8E8AA66478DE}.Release|Any CPU.Build.0 = Release|Any CPU
		{70FF93A1-4F8D-4951-9383-957648775209}.Debug|Any CPU.ActiveCfg = Debug|Any CPU
		{70FF93A1-4F8D-4951-9383-957648775209}.Debug|Any CPU.Build.0 = Debug|Any CPU
		{70FF93A1-4F8D-4951-9383-957648775209}.Release|Any CPU.ActiveCfg = Release|Any CPU
		{70FF93A1-4F8D-4951-9383-957648775209}.Release|Any CPU.Build.0 = Release|Any CPU
		{CCEEEDDF-7896-4FDD-9DF5-17BC8A2A6729}.Debug|Any CPU.ActiveCfg = Debug|Any CPU
		{CCEEEDDF-7896-4FDD-9DF5-17BC8A2A6729}.Debug|Any CPU.Build.0 = Debug|Any CPU
		{CCEEEDDF-7896-4FDD-9DF5-17BC8A2A6729}.Release|Any CPU.ActiveCfg = Release|Any CPU
		{CCEEEDDF-7896-4FDD-9DF5-17BC8A2A6729}.Release|Any CPU.Build.0 = Release|Any CPU
	EndGlobalSection
	GlobalSection(SolutionProperties) = preSolution
		HideSolutionNode = FALSE
	EndGlobalSection
	GlobalSection(ExtensibilityGlobals) = postSolution
		SolutionGuid = {09359D20-12F2-4BAC-A86D-3E1ED55CBBFF}
	EndGlobalSection
EndGlobal
