
Microsoft Visual Studio Solution File, Format Version 12.00
# Visual Studio 15
VisualStudioVersion = 15.0.28307.168
MinimumVisualStudioVersion = 10.0.40219.1
Project("{FAE04EC0-301F-11D3-BF4B-00C04F79EFBC}") = "Epam.Task7.Users.ConsolePL", "Epam.Task7.Users.ConsolePL\Epam.Task7.Users.ConsolePL.csproj", "{85B848FD-39E2-4FEA-9A1B-1BC2E41BC1E2}"
EndProject
Project("{2150E333-8FDC-42A3-9474-1A3956D46DE8}") = "PL", "PL", "{398789F6-C7C2-42ED-93D3-F2102064ABEA}"
EndProject
Project("{2150E333-8FDC-42A3-9474-1A3956D46DE8}") = "BLL", "BLL", "{C1E0DFB8-E1B4-41CB-89F4-82466B41F5FF}"
EndProject
Project("{2150E333-8FDC-42A3-9474-1A3956D46DE8}") = "DAL", "DAL", "{96B271A5-379A-4CA3-94D2-09F207AFECB4}"
EndProject
Project("{2150E333-8FDC-42A3-9474-1A3956D46DE8}") = "Common", "Common", "{AAC126BB-E963-47B4-88F0-329E76EDF44B}"
EndProject
Project("{FAE04EC0-301F-11D3-BF4B-00C04F79EFBC}") = "Epam.Task7.Users.Entities", "Epam.Task7.Users.Entities\Epam.Task7.Users.Entities.csproj", "{55644444-40EB-4C4B-9658-8F7C2C9D55D3}"
EndProject
Project("{FAE04EC0-301F-11D3-BF4B-00C04F79EFBC}") = "Epam.Task7.Users.BLL.Interfaces", "Epam.Task7.Users.BLL.Interfaces\Epam.Task7.Users.BLL.Interfaces.csproj", "{7AA260D3-C9C5-4C11-8CFC-3E3C6FD60D19}"
EndProject
Project("{FAE04EC0-301F-11D3-BF4B-00C04F79EFBC}") = "Epam.Task7.Users.FakeBLL.UsersLogic", "Epam.Task7.Users.FakeBLL.UsersLogic\Epam.Task7.Users.FakeBLL.UsersLogic.csproj", "{1C0490C8-AB50-4C9C-96FD-687A0FF57579}"
EndProject
Global
	GlobalSection(SolutionConfigurationPlatforms) = preSolution
		Debug|Any CPU = Debug|Any CPU
		Release|Any CPU = Release|Any CPU
	EndGlobalSection
	GlobalSection(ProjectConfigurationPlatforms) = postSolution
		{85B848FD-39E2-4FEA-9A1B-1BC2E41BC1E2}.Debug|Any CPU.ActiveCfg = Debug|Any CPU
		{85B848FD-39E2-4FEA-9A1B-1BC2E41BC1E2}.Debug|Any CPU.Build.0 = Debug|Any CPU
		{85B848FD-39E2-4FEA-9A1B-1BC2E41BC1E2}.Release|Any CPU.ActiveCfg = Release|Any CPU
		{85B848FD-39E2-4FEA-9A1B-1BC2E41BC1E2}.Release|Any CPU.Build.0 = Release|Any CPU
		{55644444-40EB-4C4B-9658-8F7C2C9D55D3}.Debug|Any CPU.ActiveCfg = Debug|Any CPU
		{55644444-40EB-4C4B-9658-8F7C2C9D55D3}.Debug|Any CPU.Build.0 = Debug|Any CPU
		{55644444-40EB-4C4B-9658-8F7C2C9D55D3}.Release|Any CPU.ActiveCfg = Release|Any CPU
		{55644444-40EB-4C4B-9658-8F7C2C9D55D3}.Release|Any CPU.Build.0 = Release|Any CPU
		{7AA260D3-C9C5-4C11-8CFC-3E3C6FD60D19}.Debug|Any CPU.ActiveCfg = Debug|Any CPU
		{7AA260D3-C9C5-4C11-8CFC-3E3C6FD60D19}.Debug|Any CPU.Build.0 = Debug|Any CPU
		{7AA260D3-C9C5-4C11-8CFC-3E3C6FD60D19}.Release|Any CPU.ActiveCfg = Release|Any CPU
		{7AA260D3-C9C5-4C11-8CFC-3E3C6FD60D19}.Release|Any CPU.Build.0 = Release|Any CPU
		{1C0490C8-AB50-4C9C-96FD-687A0FF57579}.Debug|Any CPU.ActiveCfg = Debug|Any CPU
		{1C0490C8-AB50-4C9C-96FD-687A0FF57579}.Debug|Any CPU.Build.0 = Debug|Any CPU
		{1C0490C8-AB50-4C9C-96FD-687A0FF57579}.Release|Any CPU.ActiveCfg = Release|Any CPU
		{1C0490C8-AB50-4C9C-96FD-687A0FF57579}.Release|Any CPU.Build.0 = Release|Any CPU
	EndGlobalSection
	GlobalSection(SolutionProperties) = preSolution
		HideSolutionNode = FALSE
	EndGlobalSection
	GlobalSection(NestedProjects) = preSolution
		{85B848FD-39E2-4FEA-9A1B-1BC2E41BC1E2} = {398789F6-C7C2-42ED-93D3-F2102064ABEA}
		{55644444-40EB-4C4B-9658-8F7C2C9D55D3} = {AAC126BB-E963-47B4-88F0-329E76EDF44B}
		{7AA260D3-C9C5-4C11-8CFC-3E3C6FD60D19} = {C1E0DFB8-E1B4-41CB-89F4-82466B41F5FF}
		{1C0490C8-AB50-4C9C-96FD-687A0FF57579} = {C1E0DFB8-E1B4-41CB-89F4-82466B41F5FF}
	EndGlobalSection
	GlobalSection(ExtensibilityGlobals) = postSolution
		SolutionGuid = {6577A816-7471-45C8-A94D-2E91500026F0}
	EndGlobalSection
EndGlobal
